// !$*UTF8*$!
{
	archiveVersion = 1;
	classes = {
	};
	objectVersion = 56;
	objects = {

/* Begin PBXBuildFile section */
		80B991B82B2EFE74005B5844 /* AppDelegate.swift in Sources */ = {isa = PBXBuildFile; fileRef = 80B991B72B2EFE74005B5844 /* AppDelegate.swift */; };
		80B991BA2B2EFE74005B5844 /* SceneDelegate.swift in Sources */ = {isa = PBXBuildFile; fileRef = 80B991B92B2EFE74005B5844 /* SceneDelegate.swift */; };
		80B991BC2B2EFE74005B5844 /* ViewController.swift in Sources */ = {isa = PBXBuildFile; fileRef = 80B991BB2B2EFE74005B5844 /* ViewController.swift */; };
		80B991BF2B2EFE74005B5844 /* Main.storyboard in Resources */ = {isa = PBXBuildFile; fileRef = 80B991BD2B2EFE74005B5844 /* Main.storyboard */; };
		80B991C12B2EFE78005B5844 /* Assets.xcassets in Resources */ = {isa = PBXBuildFile; fileRef = 80B991C02B2EFE78005B5844 /* Assets.xcassets */; };
		80B991C42B2EFE78005B5844 /* LaunchScreen.storyboard in Resources */ = {isa = PBXBuildFile; fileRef = 80B991C22B2EFE78005B5844 /* LaunchScreen.storyboard */; };
		80B991CF2B2EFF2A005B5844 /* SnapKit in Frameworks */ = {isa = PBXBuildFile; productRef = 80B991CE2B2EFF2A005B5844 /* SnapKit */; };
		80B991D12B2EFF2A005B5844 /* SnapKit-Dynamic in Frameworks */ = {isa = PBXBuildFile; productRef = 80B991D02B2EFF2A005B5844 /* SnapKit-Dynamic */; };
		80B991D32B2F0468005B5844 /* ContainerViewController.swift in Sources */ = {isa = PBXBuildFile; fileRef = 80B991D22B2F0468005B5844 /* ContainerViewController.swift */; };
		80B991D52B2F0487005B5844 /* MenuViewController.swift in Sources */ = {isa = PBXBuildFile; fileRef = 80B991D42B2F0487005B5844 /* MenuViewController.swift */; };
		80B991DC2B2F94C5005B5844 /* FeedCellInfo.swift in Sources */ = {isa = PBXBuildFile; fileRef = 80B991DB2B2F94C5005B5844 /* FeedCellInfo.swift */; };
		80B991DE2B2F94DC005B5844 /* FeedPromoCellInfo.swift in Sources */ = {isa = PBXBuildFile; fileRef = 80B991DD2B2F94DC005B5844 /* FeedPromoCellInfo.swift */; };
		80B991E02B2F9500005B5844 /* BlockLabelCellInfo.swift in Sources */ = {isa = PBXBuildFile; fileRef = 80B991DF2B2F9500005B5844 /* BlockLabelCellInfo.swift */; };
		80B991E22B2F9535005B5844 /* FeedBannerCellInfo.swift in Sources */ = {isa = PBXBuildFile; fileRef = 80B991E12B2F9535005B5844 /* FeedBannerCellInfo.swift */; };
		80B991E42B2F954B005B5844 /* FeedCatalogCellInfo.swift in Sources */ = {isa = PBXBuildFile; fileRef = 80B991E32B2F954B005B5844 /* FeedCatalogCellInfo.swift */; };
		80B991E62B2F9628005B5844 /* FeedSectionSetCell.swift in Sources */ = {isa = PBXBuildFile; fileRef = 80B991E52B2F9628005B5844 /* FeedSectionSetCell.swift */; };
		80B991E82B2F9643005B5844 /* FeedPromotionsSetCell.swift in Sources */ = {isa = PBXBuildFile; fileRef = 80B991E72B2F9643005B5844 /* FeedPromotionsSetCell.swift */; };
		80B991EA2B2F9664005B5844 /* FeedBlockLabelSetCell.swift in Sources */ = {isa = PBXBuildFile; fileRef = 80B991E92B2F9664005B5844 /* FeedBlockLabelSetCell.swift */; };
		80B991EC2B2F968D005B5844 /* FeedBannerSetCell.swift in Sources */ = {isa = PBXBuildFile; fileRef = 80B991EB2B2F968D005B5844 /* FeedBannerSetCell.swift */; };
		80B991EE2B2F96AA005B5844 /* FeedCatalogSetCell.swift in Sources */ = {isa = PBXBuildFile; fileRef = 80B991ED2B2F96AA005B5844 /* FeedCatalogSetCell.swift */; };
		80B991F02B2F96D9005B5844 /* SectionItemCell.swift in Sources */ = {isa = PBXBuildFile; fileRef = 80B991EF2B2F96D9005B5844 /* SectionItemCell.swift */; };
		80B991F22B2F96FE005B5844 /* PromotionsItemCell.swift in Sources */ = {isa = PBXBuildFile; fileRef = 80B991F12B2F96FE005B5844 /* PromotionsItemCell.swift */; };
		80B991F42B2F976B005B5844 /* BlockLabelItemCell.swift in Sources */ = {isa = PBXBuildFile; fileRef = 80B991F32B2F976B005B5844 /* BlockLabelItemCell.swift */; };
		80B991F62B2F978F005B5844 /* BannerItemCell.swift in Sources */ = {isa = PBXBuildFile; fileRef = 80B991F52B2F978F005B5844 /* BannerItemCell.swift */; };
		80B991F82B2F97BC005B5844 /* CatalogItemCell.swift in Sources */ = {isa = PBXBuildFile; fileRef = 80B991F72B2F97BC005B5844 /* CatalogItemCell.swift */; };
		80B991FB2B2F9BC2005B5844 /* FeedItemType.swift in Sources */ = {isa = PBXBuildFile; fileRef = 80B991FA2B2F9BC2005B5844 /* FeedItemType.swift */; };
		80B991FD2B2FA809005B5844 /* FeedSearchCellInfo.swift in Sources */ = {isa = PBXBuildFile; fileRef = 80B991FC2B2FA809005B5844 /* FeedSearchCellInfo.swift */; };
		80B992002B2FA8BF005B5844 /* SearchItemCell.swift in Sources */ = {isa = PBXBuildFile; fileRef = 80B991FF2B2FA8BF005B5844 /* SearchItemCell.swift */; };
		80B992022B2FAB83005B5844 /* FeedSearchSetCell.swift in Sources */ = {isa = PBXBuildFile; fileRef = 80B992012B2FAB83005B5844 /* FeedSearchSetCell.swift */; };
/* End PBXBuildFile section */

/* Begin PBXFileReference section */
		80B991B42B2EFE74005B5844 /* gutax.app */ = {isa = PBXFileReference; explicitFileType = wrapper.application; includeInIndex = 0; path = gutax.app; sourceTree = BUILT_PRODUCTS_DIR; };
		80B991B72B2EFE74005B5844 /* AppDelegate.swift */ = {isa = PBXFileReference; lastKnownFileType = sourcecode.swift; path = AppDelegate.swift; sourceTree = "<group>"; };
		80B991B92B2EFE74005B5844 /* SceneDelegate.swift */ = {isa = PBXFileReference; lastKnownFileType = sourcecode.swift; path = SceneDelegate.swift; sourceTree = "<group>"; };
		80B991BB2B2EFE74005B5844 /* ViewController.swift */ = {isa = PBXFileReference; lastKnownFileType = sourcecode.swift; path = ViewController.swift; sourceTree = "<group>"; };
		80B991BE2B2EFE74005B5844 /* Base */ = {isa = PBXFileReference; lastKnownFileType = file.storyboard; name = Base; path = Base.lproj/Main.storyboard; sourceTree = "<group>"; };
		80B991C02B2EFE78005B5844 /* Assets.xcassets */ = {isa = PBXFileReference; lastKnownFileType = folder.assetcatalog; path = Assets.xcassets; sourceTree = "<group>"; };
		80B991C32B2EFE78005B5844 /* Base */ = {isa = PBXFileReference; lastKnownFileType = file.storyboard; name = Base; path = Base.lproj/LaunchScreen.storyboard; sourceTree = "<group>"; };
		80B991C52B2EFE78005B5844 /* Info.plist */ = {isa = PBXFileReference; lastKnownFileType = text.plist.xml; path = Info.plist; sourceTree = "<group>"; };
		80B991D22B2F0468005B5844 /* ContainerViewController.swift */ = {isa = PBXFileReference; lastKnownFileType = sourcecode.swift; path = ContainerViewController.swift; sourceTree = "<group>"; };
		80B991D42B2F0487005B5844 /* MenuViewController.swift */ = {isa = PBXFileReference; lastKnownFileType = sourcecode.swift; path = MenuViewController.swift; sourceTree = "<group>"; };
		80B991DB2B2F94C5005B5844 /* FeedCellInfo.swift */ = {isa = PBXFileReference; lastKnownFileType = sourcecode.swift; path = FeedCellInfo.swift; sourceTree = "<group>"; };
		80B991DD2B2F94DC005B5844 /* FeedPromoCellInfo.swift */ = {isa = PBXFileReference; lastKnownFileType = sourcecode.swift; path = FeedPromoCellInfo.swift; sourceTree = "<group>"; };
		80B991DF2B2F9500005B5844 /* BlockLabelCellInfo.swift */ = {isa = PBXFileReference; lastKnownFileType = sourcecode.swift; path = BlockLabelCellInfo.swift; sourceTree = "<group>"; };
		80B991E12B2F9535005B5844 /* FeedBannerCellInfo.swift */ = {isa = PBXFileReference; lastKnownFileType = sourcecode.swift; path = FeedBannerCellInfo.swift; sourceTree = "<group>"; };
		80B991E32B2F954B005B5844 /* FeedCatalogCellInfo.swift */ = {isa = PBXFileReference; lastKnownFileType = sourcecode.swift; path = FeedCatalogCellInfo.swift; sourceTree = "<group>"; };
		80B991E52B2F9628005B5844 /* FeedSectionSetCell.swift */ = {isa = PBXFileReference; lastKnownFileType = sourcecode.swift; path = FeedSectionSetCell.swift; sourceTree = "<group>"; };
		80B991E72B2F9643005B5844 /* FeedPromotionsSetCell.swift */ = {isa = PBXFileReference; lastKnownFileType = sourcecode.swift; path = FeedPromotionsSetCell.swift; sourceTree = "<group>"; };
		80B991E92B2F9664005B5844 /* FeedBlockLabelSetCell.swift */ = {isa = PBXFileReference; lastKnownFileType = sourcecode.swift; path = FeedBlockLabelSetCell.swift; sourceTree = "<group>"; };
		80B991EB2B2F968D005B5844 /* FeedBannerSetCell.swift */ = {isa = PBXFileReference; lastKnownFileType = sourcecode.swift; path = FeedBannerSetCell.swift; sourceTree = "<group>"; };
		80B991ED2B2F96AA005B5844 /* FeedCatalogSetCell.swift */ = {isa = PBXFileReference; lastKnownFileType = sourcecode.swift; path = FeedCatalogSetCell.swift; sourceTree = "<group>"; };
		80B991EF2B2F96D9005B5844 /* SectionItemCell.swift */ = {isa = PBXFileReference; lastKnownFileType = sourcecode.swift; path = SectionItemCell.swift; sourceTree = "<group>"; };
		80B991F12B2F96FE005B5844 /* PromotionsItemCell.swift */ = {isa = PBXFileReference; lastKnownFileType = sourcecode.swift; path = PromotionsItemCell.swift; sourceTree = "<group>"; };
		80B991F32B2F976B005B5844 /* BlockLabelItemCell.swift */ = {isa = PBXFileReference; lastKnownFileType = sourcecode.swift; path = BlockLabelItemCell.swift; sourceTree = "<group>"; };
		80B991F52B2F978F005B5844 /* BannerItemCell.swift */ = {isa = PBXFileReference; lastKnownFileType = sourcecode.swift; path = BannerItemCell.swift; sourceTree = "<group>"; };
		80B991F72B2F97BC005B5844 /* CatalogItemCell.swift */ = {isa = PBXFileReference; lastKnownFileType = sourcecode.swift; path = CatalogItemCell.swift; sourceTree = "<group>"; };
		80B991FA2B2F9BC2005B5844 /* FeedItemType.swift */ = {isa = PBXFileReference; lastKnownFileType = sourcecode.swift; path = FeedItemType.swift; sourceTree = "<group>"; };
		80B991FC2B2FA809005B5844 /* FeedSearchCellInfo.swift */ = {isa = PBXFileReference; lastKnownFileType = sourcecode.swift; path = FeedSearchCellInfo.swift; sourceTree = "<group>"; };
		80B991FF2B2FA8BF005B5844 /* SearchItemCell.swift */ = {isa = PBXFileReference; lastKnownFileType = sourcecode.swift; path = SearchItemCell.swift; sourceTree = "<group>"; };
		80B992012B2FAB83005B5844 /* FeedSearchSetCell.swift */ = {isa = PBXFileReference; lastKnownFileType = sourcecode.swift; path = FeedSearchSetCell.swift; sourceTree = "<group>"; };
/* End PBXFileReference section */

/* Begin PBXFrameworksBuildPhase section */
		80B991B12B2EFE74005B5844 /* Frameworks */ = {
			isa = PBXFrameworksBuildPhase;
			buildActionMask = 2147483647;
			files = (
				80B991CF2B2EFF2A005B5844 /* SnapKit in Frameworks */,
				80B991D12B2EFF2A005B5844 /* SnapKit-Dynamic in Frameworks */,
			);
			runOnlyForDeploymentPostprocessing = 0;
		};
/* End PBXFrameworksBuildPhase section */

/* Begin PBXGroup section */
		80B991AB2B2EFE74005B5844 = {
			isa = PBXGroup;
			children = (
				80B991B62B2EFE74005B5844 /* gutax */,
				80B991B52B2EFE74005B5844 /* Products */,
			);
			sourceTree = "<group>";
		};
		80B991B52B2EFE74005B5844 /* Products */ = {
			isa = PBXGroup;
			children = (
				80B991B42B2EFE74005B5844 /* gutax.app */,
			);
			name = Products;
			sourceTree = "<group>";
		};
		80B991B62B2EFE74005B5844 /* gutax */ = {
			isa = PBXGroup;
			children = (
				80B991CB2B2EFEA6005B5844 /* Application */,
				80B991CC2B2EFEC0005B5844 /* Resources */,
				80B991F92B2F9B63005B5844 /* Model */,
				80B992032B2FCC7C005B5844 /* View */,
				80B991D62B2F04C2005B5844 /* Controllers */,
			);
			path = gutax;
			sourceTree = "<group>";
		};
		80B991CB2B2EFEA6005B5844 /* Application */ = {
			isa = PBXGroup;
			children = (
				80B991B72B2EFE74005B5844 /* AppDelegate.swift */,
				80B991B92B2EFE74005B5844 /* SceneDelegate.swift */,
			);
			path = Application;
			sourceTree = "<group>";
		};
		80B991CC2B2EFEC0005B5844 /* Resources */ = {
			isa = PBXGroup;
			children = (
				80B991C02B2EFE78005B5844 /* Assets.xcassets */,
				80B991C22B2EFE78005B5844 /* LaunchScreen.storyboard */,
				80B991C52B2EFE78005B5844 /* Info.plist */,
			);
			path = Resources;
			sourceTree = "<group>";
		};
		80B991D62B2F04C2005B5844 /* Controllers */ = {
			isa = PBXGroup;
			children = (
				80B991D22B2F0468005B5844 /* ContainerViewController.swift */,
				80B991BB2B2EFE74005B5844 /* ViewController.swift */,
				80B991D42B2F0487005B5844 /* MenuViewController.swift */,
				80B991DA2B2F948C005B5844 /* Cell */,
			);
			path = Controllers;
			sourceTree = "<group>";
		};
		80B991DA2B2F948C005B5844 /* Cell */ = {
			isa = PBXGroup;
			children = (
				80B991E52B2F9628005B5844 /* FeedSectionSetCell.swift */,
				80B991E72B2F9643005B5844 /* FeedPromotionsSetCell.swift */,
				80B991E92B2F9664005B5844 /* FeedBlockLabelSetCell.swift */,
				80B991EB2B2F968D005B5844 /* FeedBannerSetCell.swift */,
				80B991ED2B2F96AA005B5844 /* FeedCatalogSetCell.swift */,
				80B992012B2FAB83005B5844 /* FeedSearchSetCell.swift */,
			);
			path = Cell;
			sourceTree = "<group>";
		};
		80B991F92B2F9B63005B5844 /* Model */ = {
			isa = PBXGroup;
			children = (
				80B991FA2B2F9BC2005B5844 /* FeedItemType.swift */,
				80B991DB2B2F94C5005B5844 /* FeedCellInfo.swift */,
				80B991DD2B2F94DC005B5844 /* FeedPromoCellInfo.swift */,
				80B991DF2B2F9500005B5844 /* BlockLabelCellInfo.swift */,
				80B991E12B2F9535005B5844 /* FeedBannerCellInfo.swift */,
				80B991E32B2F954B005B5844 /* FeedCatalogCellInfo.swift */,
				80B991FC2B2FA809005B5844 /* FeedSearchCellInfo.swift */,
			);
			path = Model;
			sourceTree = "<group>";
		};
		80B992032B2FCC7C005B5844 /* View */ = {
			isa = PBXGroup;
			children = (
				80B991EF2B2F96D9005B5844 /* SectionItemCell.swift */,
				80B991F12B2F96FE005B5844 /* PromotionsItemCell.swift */,
				80B991F32B2F976B005B5844 /* BlockLabelItemCell.swift */,
				80B991F52B2F978F005B5844 /* BannerItemCell.swift */,
				80B991F72B2F97BC005B5844 /* CatalogItemCell.swift */,
				80B991FF2B2FA8BF005B5844 /* SearchItemCell.swift */,
				80B991BD2B2EFE74005B5844 /* Main.storyboard */,
			);
			path = View;
			sourceTree = "<group>";
		};
/* End PBXGroup section */

/* Begin PBXNativeTarget section */
		80B991B32B2EFE74005B5844 /* gutax */ = {
			isa = PBXNativeTarget;
			buildConfigurationList = 80B991C82B2EFE78005B5844 /* Build configuration list for PBXNativeTarget "gutax" */;
			buildPhases = (
				80B991B02B2EFE74005B5844 /* Sources */,
				80B991B12B2EFE74005B5844 /* Frameworks */,
				80B991B22B2EFE74005B5844 /* Resources */,
			);
			buildRules = (
			);
			dependencies = (
			);
			name = gutax;
			packageProductDependencies = (
				80B991CE2B2EFF2A005B5844 /* SnapKit */,
				80B991D02B2EFF2A005B5844 /* SnapKit-Dynamic */,
			);
			productName = gutax;
			productReference = 80B991B42B2EFE74005B5844 /* gutax.app */;
			productType = "com.apple.product-type.application";
		};
/* End PBXNativeTarget section */

/* Begin PBXProject section */
		80B991AC2B2EFE74005B5844 /* Project object */ = {
			isa = PBXProject;
			attributes = {
				BuildIndependentTargetsInParallel = 1;
				LastSwiftUpdateCheck = 1500;
				LastUpgradeCheck = 1500;
				TargetAttributes = {
					80B991B32B2EFE74005B5844 = {
						CreatedOnToolsVersion = 15.0.1;
					};
				};
			};
			buildConfigurationList = 80B991AF2B2EFE74005B5844 /* Build configuration list for PBXProject "gutax" */;
			compatibilityVersion = "Xcode 14.0";
			developmentRegion = en;
			hasScannedForEncodings = 0;
			knownRegions = (
				en,
				Base,
			);
			mainGroup = 80B991AB2B2EFE74005B5844;
			packageReferences = (
				80B991CD2B2EFF2A005B5844 /* XCRemoteSwiftPackageReference "SnapKit" */,
			);
			productRefGroup = 80B991B52B2EFE74005B5844 /* Products */;
			projectDirPath = "";
			projectRoot = "";
			targets = (
				80B991B32B2EFE74005B5844 /* gutax */,
			);
		};
/* End PBXProject section */

/* Begin PBXResourcesBuildPhase section */
		80B991B22B2EFE74005B5844 /* Resources */ = {
			isa = PBXResourcesBuildPhase;
			buildActionMask = 2147483647;
			files = (
				80B991C42B2EFE78005B5844 /* LaunchScreen.storyboard in Resources */,
				80B991C12B2EFE78005B5844 /* Assets.xcassets in Resources */,
				80B991BF2B2EFE74005B5844 /* Main.storyboard in Resources */,
			);
			runOnlyForDeploymentPostprocessing = 0;
		};
/* End PBXResourcesBuildPhase section */

/* Begin PBXSourcesBuildPhase section */
		80B991B02B2EFE74005B5844 /* Sources */ = {
			isa = PBXSourcesBuildPhase;
			buildActionMask = 2147483647;
			files = (
				80B992022B2FAB83005B5844 /* FeedSearchSetCell.swift in Sources */,
				80B991EA2B2F9664005B5844 /* FeedBlockLabelSetCell.swift in Sources */,
				80B991E82B2F9643005B5844 /* FeedPromotionsSetCell.swift in Sources */,
				80B991F82B2F97BC005B5844 /* CatalogItemCell.swift in Sources */,
				80B991BC2B2EFE74005B5844 /* ViewController.swift in Sources */,
				80B991D52B2F0487005B5844 /* MenuViewController.swift in Sources */,
				80B991F22B2F96FE005B5844 /* PromotionsItemCell.swift in Sources */,
				80B991F02B2F96D9005B5844 /* SectionItemCell.swift in Sources */,
				80B991F62B2F978F005B5844 /* BannerItemCell.swift in Sources */,
				80B991E02B2F9500005B5844 /* BlockLabelCellInfo.swift in Sources */,
				80B991DE2B2F94DC005B5844 /* FeedPromoCellInfo.swift in Sources */,
				80B991B82B2EFE74005B5844 /* AppDelegate.swift in Sources */,
				80B991E62B2F9628005B5844 /* FeedSectionSetCell.swift in Sources */,
				80B991EE2B2F96AA005B5844 /* FeedCatalogSetCell.swift in Sources */,
				80B991D32B2F0468005B5844 /* ContainerViewController.swift in Sources */,
				80B991BA2B2EFE74005B5844 /* SceneDelegate.swift in Sources */,
				80B991E22B2F9535005B5844 /* FeedBannerCellInfo.swift in Sources */,
				80B991DC2B2F94C5005B5844 /* FeedCellInfo.swift in Sources */,
				80B991F42B2F976B005B5844 /* BlockLabelItemCell.swift in Sources */,
				80B991EC2B2F968D005B5844 /* FeedBannerSetCell.swift in Sources */,
				80B991FD2B2FA809005B5844 /* FeedSearchCellInfo.swift in Sources */,
				80B991FB2B2F9BC2005B5844 /* FeedItemType.swift in Sources */,
				80B991E42B2F954B005B5844 /* FeedCatalogCellInfo.swift in Sources */,
				80B992002B2FA8BF005B5844 /* SearchItemCell.swift in Sources */,
			);
			runOnlyForDeploymentPostprocessing = 0;
		};
/* End PBXSourcesBuildPhase section */

/* Begin PBXVariantGroup section */
		80B991BD2B2EFE74005B5844 /* Main.storyboard */ = {
			isa = PBXVariantGroup;
			children = (
				80B991BE2B2EFE74005B5844 /* Base */,
			);
			name = Main.storyboard;
			sourceTree = "<group>";
		};
		80B991C22B2EFE78005B5844 /* LaunchScreen.storyboard */ = {
			isa = PBXVariantGroup;
			children = (
				80B991C32B2EFE78005B5844 /* Base */,
			);
			name = LaunchScreen.storyboard;
			sourceTree = "<group>";
		};
/* End PBXVariantGroup section */

/* Begin XCBuildConfiguration section */
		80B991C62B2EFE78005B5844 /* Debug */ = {
			isa = XCBuildConfiguration;
			buildSettings = {
				ALWAYS_SEARCH_USER_PATHS = NO;
				ASSETCATALOG_COMPILER_GENERATE_SWIFT_ASSET_SYMBOL_EXTENSIONS = YES;
				CLANG_ANALYZER_NONNULL = YES;
				CLANG_ANALYZER_NUMBER_OBJECT_CONVERSION = YES_AGGRESSIVE;
				CLANG_CXX_LANGUAGE_STANDARD = "gnu++20";
				CLANG_ENABLE_MODULES = YES;
				CLANG_ENABLE_OBJC_ARC = YES;
				CLANG_ENABLE_OBJC_WEAK = YES;
				CLANG_WARN_BLOCK_CAPTURE_AUTORELEASING = YES;
				CLANG_WARN_BOOL_CONVERSION = YES;
				CLANG_WARN_COMMA = YES;
				CLANG_WARN_CONSTANT_CONVERSION = YES;
				CLANG_WARN_DEPRECATED_OBJC_IMPLEMENTATIONS = YES;
				CLANG_WARN_DIRECT_OBJC_ISA_USAGE = YES_ERROR;
				CLANG_WARN_DOCUMENTATION_COMMENTS = YES;
				CLANG_WARN_EMPTY_BODY = YES;
				CLANG_WARN_ENUM_CONVERSION = YES;
				CLANG_WARN_INFINITE_RECURSION = YES;
				CLANG_WARN_INT_CONVERSION = YES;
				CLANG_WARN_NON_LITERAL_NULL_CONVERSION = YES;
				CLANG_WARN_OBJC_IMPLICIT_RETAIN_SELF = YES;
				CLANG_WARN_OBJC_LITERAL_CONVERSION = YES;
				CLANG_WARN_OBJC_ROOT_CLASS = YES_ERROR;
				CLANG_WARN_QUOTED_INCLUDE_IN_FRAMEWORK_HEADER = YES;
				CLANG_WARN_RANGE_LOOP_ANALYSIS = YES;
				CLANG_WARN_STRICT_PROTOTYPES = YES;
				CLANG_WARN_SUSPICIOUS_MOVE = YES;
				CLANG_WARN_UNGUARDED_AVAILABILITY = YES_AGGRESSIVE;
				CLANG_WARN_UNREACHABLE_CODE = YES;
				CLANG_WARN__DUPLICATE_METHOD_MATCH = YES;
				COPY_PHASE_STRIP = NO;
				DEBUG_INFORMATION_FORMAT = dwarf;
				ENABLE_STRICT_OBJC_MSGSEND = YES;
				ENABLE_TESTABILITY = YES;
				ENABLE_USER_SCRIPT_SANDBOXING = YES;
				GCC_C_LANGUAGE_STANDARD = gnu17;
				GCC_DYNAMIC_NO_PIC = NO;
				GCC_NO_COMMON_BLOCKS = YES;
				GCC_OPTIMIZATION_LEVEL = 0;
				GCC_PREPROCESSOR_DEFINITIONS = (
					"DEBUG=1",
					"$(inherited)",
				);
				GCC_WARN_64_TO_32_BIT_CONVERSION = YES;
				GCC_WARN_ABOUT_RETURN_TYPE = YES_ERROR;
				GCC_WARN_UNDECLARED_SELECTOR = YES;
				GCC_WARN_UNINITIALIZED_AUTOS = YES_AGGRESSIVE;
				GCC_WARN_UNUSED_FUNCTION = YES;
				GCC_WARN_UNUSED_VARIABLE = YES;
				IPHONEOS_DEPLOYMENT_TARGET = 17.0;
				LOCALIZATION_PREFERS_STRING_CATALOGS = YES;
				MTL_ENABLE_DEBUG_INFO = INCLUDE_SOURCE;
				MTL_FAST_MATH = YES;
				ONLY_ACTIVE_ARCH = YES;
				SDKROOT = iphoneos;
				SWIFT_ACTIVE_COMPILATION_CONDITIONS = "DEBUG $(inherited)";
				SWIFT_OPTIMIZATION_LEVEL = "-Onone";
			};
			name = Debug;
		};
		80B991C72B2EFE78005B5844 /* Release */ = {
			isa = XCBuildConfiguration;
			buildSettings = {
				ALWAYS_SEARCH_USER_PATHS = NO;
				ASSETCATALOG_COMPILER_GENERATE_SWIFT_ASSET_SYMBOL_EXTENSIONS = YES;
				CLANG_ANALYZER_NONNULL = YES;
				CLANG_ANALYZER_NUMBER_OBJECT_CONVERSION = YES_AGGRESSIVE;
				CLANG_CXX_LANGUAGE_STANDARD = "gnu++20";
				CLANG_ENABLE_MODULES = YES;
				CLANG_ENABLE_OBJC_ARC = YES;
				CLANG_ENABLE_OBJC_WEAK = YES;
				CLANG_WARN_BLOCK_CAPTURE_AUTORELEASING = YES;
				CLANG_WARN_BOOL_CONVERSION = YES;
				CLANG_WARN_COMMA = YES;
				CLANG_WARN_CONSTANT_CONVERSION = YES;
				CLANG_WARN_DEPRECATED_OBJC_IMPLEMENTATIONS = YES;
				CLANG_WARN_DIRECT_OBJC_ISA_USAGE = YES_ERROR;
				CLANG_WARN_DOCUMENTATION_COMMENTS = YES;
				CLANG_WARN_EMPTY_BODY = YES;
				CLANG_WARN_ENUM_CONVERSION = YES;
				CLANG_WARN_INFINITE_RECURSION = YES;
				CLANG_WARN_INT_CONVERSION = YES;
				CLANG_WARN_NON_LITERAL_NULL_CONVERSION = YES;
				CLANG_WARN_OBJC_IMPLICIT_RETAIN_SELF = YES;
				CLANG_WARN_OBJC_LITERAL_CONVERSION = YES;
				CLANG_WARN_OBJC_ROOT_CLASS = YES_ERROR;
				CLANG_WARN_QUOTED_INCLUDE_IN_FRAMEWORK_HEADER = YES;
				CLANG_WARN_RANGE_LOOP_ANALYSIS = YES;
				CLANG_WARN_STRICT_PROTOTYPES = YES;
				CLANG_WARN_SUSPICIOUS_MOVE = YES;
				CLANG_WARN_UNGUARDED_AVAILABILITY = YES_AGGRESSIVE;
				CLANG_WARN_UNREACHABLE_CODE = YES;
				CLANG_WARN__DUPLICATE_METHOD_MATCH = YES;
				COPY_PHASE_STRIP = NO;
				DEBUG_INFORMATION_FORMAT = "dwarf-with-dsym";
				ENABLE_NS_ASSERTIONS = NO;
				ENABLE_STRICT_OBJC_MSGSEND = YES;
				ENABLE_USER_SCRIPT_SANDBOXING = YES;
				GCC_C_LANGUAGE_STANDARD = gnu17;
				GCC_NO_COMMON_BLOCKS = YES;
				GCC_WARN_64_TO_32_BIT_CONVERSION = YES;
				GCC_WARN_ABOUT_RETURN_TYPE = YES_ERROR;
				GCC_WARN_UNDECLARED_SELECTOR = YES;
				GCC_WARN_UNINITIALIZED_AUTOS = YES_AGGRESSIVE;
				GCC_WARN_UNUSED_FUNCTION = YES;
				GCC_WARN_UNUSED_VARIABLE = YES;
				IPHONEOS_DEPLOYMENT_TARGET = 17.0;
				LOCALIZATION_PREFERS_STRING_CATALOGS = YES;
				MTL_ENABLE_DEBUG_INFO = NO;
				MTL_FAST_MATH = YES;
				SDKROOT = iphoneos;
				SWIFT_COMPILATION_MODE = wholemodule;
				VALIDATE_PRODUCT = YES;
			};
			name = Release;
		};
		80B991C92B2EFE78005B5844 /* Debug */ = {
			isa = XCBuildConfiguration;
			buildSettings = {
				ASSETCATALOG_COMPILER_APPICON_NAME = AppIcon;
				ASSETCATALOG_COMPILER_GLOBAL_ACCENT_COLOR_NAME = AccentColor;
				CODE_SIGN_STYLE = Automatic;
				CURRENT_PROJECT_VERSION = 1;
				DEVELOPMENT_TEAM = U7Z7662R7M;
				GENERATE_INFOPLIST_FILE = YES;
				INFOPLIST_FILE = gutax/Resources/Info.plist;
				INFOPLIST_KEY_UIApplicationSupportsIndirectInputEvents = YES;
				INFOPLIST_KEY_UILaunchStoryboardName = LaunchScreen;
				INFOPLIST_KEY_UIMainStoryboardFile = Main;
				INFOPLIST_KEY_UISupportedInterfaceOrientations_iPad = "UIInterfaceOrientationPortrait UIInterfaceOrientationPortraitUpsideDown UIInterfaceOrientationLandscapeLeft UIInterfaceOrientationLandscapeRight";
				INFOPLIST_KEY_UISupportedInterfaceOrientations_iPhone = "UIInterfaceOrientationPortrait UIInterfaceOrientationLandscapeLeft UIInterfaceOrientationLandscapeRight";
				LD_RUNPATH_SEARCH_PATHS = (
					"$(inherited)",
					"@executable_path/Frameworks",
				);
				MARKETING_VERSION = 1.0;
				PRODUCT_BUNDLE_IDENTIFIER = i.Shark.gutax;
				PRODUCT_NAME = "$(TARGET_NAME)";
				SWIFT_EMIT_LOC_STRINGS = YES;
				SWIFT_VERSION = 5.0;
				TARGETED_DEVICE_FAMILY = "1,2";
			};
			name = Debug;
		};
		80B991CA2B2EFE78005B5844 /* Release */ = {
			isa = XCBuildConfiguration;
			buildSettings = {
				ASSETCATALOG_COMPILER_APPICON_NAME = AppIcon;
				ASSETCATALOG_COMPILER_GLOBAL_ACCENT_COLOR_NAME = AccentColor;
				CODE_SIGN_STYLE = Automatic;
				CURRENT_PROJECT_VERSION = 1;
				DEVELOPMENT_TEAM = U7Z7662R7M;
				GENERATE_INFOPLIST_FILE = YES;
				INFOPLIST_FILE = gutax/Resources/Info.plist;
				INFOPLIST_KEY_UIApplicationSupportsIndirectInputEvents = YES;
				INFOPLIST_KEY_UILaunchStoryboardName = LaunchScreen;
				INFOPLIST_KEY_UIMainStoryboardFile = Main;
				INFOPLIST_KEY_UISupportedInterfaceOrientations_iPad = "UIInterfaceOrientationPortrait UIInterfaceOrientationPortraitUpsideDown UIInterfaceOrientationLandscapeLeft UIInterfaceOrientationLandscapeRight";
				INFOPLIST_KEY_UISupportedInterfaceOrientations_iPhone = "UIInterfaceOrientationPortrait UIInterfaceOrientationLandscapeLeft UIInterfaceOrientationLandscapeRight";
				LD_RUNPATH_SEARCH_PATHS = (
					"$(inherited)",
					"@executable_path/Frameworks",
				);
				MARKETING_VERSION = 1.0;
				PRODUCT_BUNDLE_IDENTIFIER = i.Shark.gutax;
				PRODUCT_NAME = "$(TARGET_NAME)";
				SWIFT_EMIT_LOC_STRINGS = YES;
				SWIFT_VERSION = 5.0;
				TARGETED_DEVICE_FAMILY = "1,2";
			};
			name = Release;
		};
/* End XCBuildConfiguration section */

/* Begin XCConfigurationList section */
		80B991AF2B2EFE74005B5844 /* Build configuration list for PBXProject "gutax" */ = {
			isa = XCConfigurationList;
			buildConfigurations = (
				80B991C62B2EFE78005B5844 /* Debug */,
				80B991C72B2EFE78005B5844 /* Release */,
			);
			defaultConfigurationIsVisible = 0;
			defaultConfigurationName = Release;
		};
		80B991C82B2EFE78005B5844 /* Build configuration list for PBXNativeTarget "gutax" */ = {
			isa = XCConfigurationList;
			buildConfigurations = (
				80B991C92B2EFE78005B5844 /* Debug */,
				80B991CA2B2EFE78005B5844 /* Release */,
			);
			defaultConfigurationIsVisible = 0;
			defaultConfigurationName = Release;
		};
/* End XCConfigurationList section */

/* Begin XCRemoteSwiftPackageReference section */
		80B991CD2B2EFF2A005B5844 /* XCRemoteSwiftPackageReference "SnapKit" */ = {
			isa = XCRemoteSwiftPackageReference;
			repositoryURL = "https://github.com/SnapKit/SnapKit.git";
			requirement = {
				kind = upToNextMajorVersion;
				minimumVersion = 5.6.0;
			};
		};
/* End XCRemoteSwiftPackageReference section */

/* Begin XCSwiftPackageProductDependency section */
		80B991CE2B2EFF2A005B5844 /* SnapKit */ = {
			isa = XCSwiftPackageProductDependency;
			package = 80B991CD2B2EFF2A005B5844 /* XCRemoteSwiftPackageReference "SnapKit" */;
			productName = SnapKit;
		};
		80B991D02B2EFF2A005B5844 /* SnapKit-Dynamic */ = {
			isa = XCSwiftPackageProductDependency;
			package = 80B991CD2B2EFF2A005B5844 /* XCRemoteSwiftPackageReference "SnapKit" */;
			productName = "SnapKit-Dynamic";
		};
/* End XCSwiftPackageProductDependency section */
	};
	rootObject = 80B991AC2B2EFE74005B5844 /* Project object */;
}
